Microsoft Visual Studio Solution File, Format Version 12.00
# Visual Studio Version 17
VisualStudioVersion = 17.5.2.0
MinimumVisualStudioVersion = 10.0.40219.1
Project("{2150E333-8FDC-42A3-9474-1A3956D46DE8}") = "installer", "installer", "{1860D2E4-5C43-71D5-59A5-599A4DE1DF67}"
EndProject
Project("{2150E333-8FDC-42A3-9474-1A3956D46DE8}") = "windows", "windows", "{42A2387D-B253-2E5D-E127-311B6253E806}"
EndProject
Project("{2150E333-8FDC-42A3-9474-1A3956D46DE8}") = "CustomActions", "CustomActions", "{81B4712E-71C2-F7B7-5363-F140A0D15804}"
EndProject
Project("{FAE04EC0-301F-11D3-BF4B-00C04F79EFBC}") = "SondeCustomActions", "installer\windows\CustomActions\SondeCustomActions.csproj", "{C6D6A275-855B-BFC8-56C9-721085F8CB1F}"
EndProject
Global
	GlobalSection(SolutionConfigurationPlatforms) = preSolution
		Debug|Any CPU = Debug|Any CPU
		Release|Any CPU = Release|Any CPU
	EndGlobalSection
	GlobalSection(ProjectConfigurationPlatforms) = postSolution
		{C6D6A275-855B-BFC8-56C9-721085F8CB1F}.Debug|Any CPU.ActiveCfg = Debug|Any CPU
		{C6D6A275-855B-BFC8-56C9-721085F8CB1F}.Debug|Any CPU.Build.0 = Debug|Any CPU
		{C6D6A275-855B-BFC8-56C9-721085F8CB1F}.Release|Any CPU.ActiveCfg = Release|Any CPU
		{C6D6A275-855B-BFC8-56C9-721085F8CB1F}.Release|Any CPU.Build.0 = Release|Any CPU
	EndGlobalSection
	GlobalSection(SolutionProperties) = preSolution
		HideSolutionNode = FALSE
	EndGlobalSection
	GlobalSection(NestedProjects) = preSolution
		{42A2387D-B253-2E5D-E127-311B6253E806} = {1860D2E4-5C43-71D5-59A5-599A4DE1DF67}
		{81B4712E-71C2-F7B7-5363-F140A0D15804} = {42A2387D-B253-2E5D-E127-311B6253E806}
		{C6D6A275-855B-BFC8-56C9-721085F8CB1F} = {81B4712E-71C2-F7B7-5363-F140A0D15804}
	EndGlobalSection
	GlobalSection(ExtensibilityGlobals) = postSolution
		SolutionGuid = {06E4FE1C-AD1E-4C7B-A57B-7A73FDDE2097}
	EndGlobalSection
EndGlobal
